# THIS IS AN AUTOGENERATED FILE. DO NOT EDIT THIS FILE DIRECTLY.
# yarn lockfile v1


event-source-polyfill@^1.0.31:
  version "1.0.31"
  resolved "https://registry.yarnpkg.com/event-source-polyfill/-/event-source-polyfill-1.0.31.tgz#45fb0a6fc1375b2ba597361ba4287ffec5bf2e0c"
  integrity sha512-4IJSItgS/41IxN5UVAVuAyczwZF7ZIEsM1XAoUzIHA6A+xzusEZUutdXz2Nr+MQPLxfTiCvqE79/C8HT8fKFvA==

get-port@^6.1.2:
  version "6.1.2"
  resolved "https://registry.yarnpkg.com/get-port/-/get-port-6.1.2.tgz#c1228abb67ba0e17fb346da33b15187833b9c08a"
  integrity sha512-BrGGraKm2uPqurfGVj/z97/zv8dPleC6x9JBNRTrDNtCkkRF4rPwrQXFgL7+I+q8QSdU4ntLQX2D7KIxSy8nGw==

pocketbase@^0.7.0:
  version "0.7.0"
  resolved "https://registry.yarnpkg.com/pocketbase/-/pocketbase-0.7.0.tgz#bfce0225e03321cfa816f589a6dee60ec8b2f726"
  integrity sha512-55le5D1dfthouWzxTIkL3eMgEsQqZsdT9O5HWFkCmbw889EKZsz0kf+2kkWgPvZqeVVXfOhMpJNHVOK5L2fJ3A==
